
Microsoft Visual Studio Solution File, Format Version 12.00
# Visual Studio Version 16
VisualStudioVersion = 16.0.31911.196
MinimumVisualStudioVersion = 10.0.40219.1
Project("{9A19103F-16F7-4668-BE54-9A1E7A4F7556}") = "ConsoleApp3", "ConsoleApp3\ConsoleApp3.csproj", "{1D80BF37-ABC8-45B1-8F82-FC9FE52841B8}"
EndProject
Project("{2150E333-8FDC-42A3-9474-1A3956D46DE8}") = "Solution Items", "Solution Items", "{CCC11E69-9903-45D3-8AA9-BE1F14DEF613}"
EndProject
Global
	GlobalSection(SolutionConfigurationPlatforms) = preSolution
		Debug|Any CPU = Debug|Any CPU
		Release|Any CPU = Release|Any CPU
	EndGlobalSection
	GlobalSection(ProjectConfigurationPlatforms) = postSolution
		{1D80BF37-ABC8-45B1-8F82-FC9FE52841B8}.Debug|Any CPU.ActiveCfg = Debug|Any CPU
		{1D80BF37-ABC8-45B1-8F82-FC9FE52841B8}.Debug|Any CPU.Build.0 = Debug|Any CPU
		{1D80BF37-ABC8-45B1-8F82-FC9FE52841B8}.Release|Any CPU.ActiveCfg = Release|Any CPU
		{1D80BF37-ABC8-45B1-8F82-FC9FE52841B8}.Release|Any CPU.Build.0 = Release|Any CPU
	EndGlobalSection
	GlobalSection(SolutionProperties) = preSolution
		HideSolutionNode = FALSE
	EndGlobalSection
	GlobalSection(ExtensibilityGlobals) = postSolution
		SolutionGuid = {3D0CF7D6-21DB-41D3-BFBC-069E3B686452}
	EndGlobalSection
EndGlobal
